PODS:
  - AFNetworking (2.5.4):
    - AFNetworking/NSURLConnection (= 2.5.4)
    - AFNetworking/NSURLSession (= 2.5.4)
    - AFNetworking/Reachability (= 2.5.4)
    - AFNetworking/Security (= 2.5.4)
    - AFNetworking/Serialization (= 2.5.4)
    - AFNetworking/UIKit (= 2.5.4)
  - AFNetworking/NSURLConnection (2.5.4):
    - AFNetworking/Reachability
    - AFNetworking/Security
    - AFNetworking/Serialization
  - AFNetworking/NSURLSession (2.5.4):
    - AFNetworking/Reachability
    - AFNetworking/Security
    - AFNetworking/Serialization
  - AFNetworking/Reachability (2.5.4)
  - AFNetworking/Security (2.5.4)
  - AFNetworking/Serialization (2.5.4)
  - AFNetworking/UIKit (2.5.4):
    - AFNetworking/NSURLConnection
    - AFNetworking/NSURLSession
  - CocoaLumberjack (1.9.2):
    - CocoaLumberjack/Extensions (= 1.9.2)
  - CocoaLumberjack/Core (1.9.2)
  - CocoaLumberjack/Extensions (1.9.2):
    - CocoaLumberjack/Core
  - ELCImagePickerController (0.2.0)
  - KHFlatButton (1.2.0)
  - KNSemiModalViewController (0.3)
  - MLPAutoCompleteTextField (1.5)
  - NSObject-SafeExpectations (0.0.2)
  - SDWebImage (3.7.1):
    - SDWebImage/Core (= 3.7.1)
  - SDWebImage/Core (3.7.1)
  - SWTableViewCell (0.3.7)
  - TapkuLibrary (0.3.8)
  - UIAlertView+Blocks (0.8.1)
  - WordPress-iOS-Editor (0.7):
    - CocoaLumberjack (~> 1.9)
    - NSObject-SafeExpectations (~> 0.0.2)
    - UIAlertView+Blocks (~> 0.8.1)
    - WordPress-iOS-Shared (~> 0.3.0)
    - WordPressCom-Analytics-iOS (~> 0.0.30)
  - WordPress-iOS-Shared (0.3):
    - AFNetworking (~> 2.5.1)
    - CocoaLumberjack (~> 1.9)
  - WordPressCom-Analytics-iOS (0.0.32)

DEPENDENCIES:
  - AFNetworking (~> 2.5)
  - CocoaLumberjack (~> 1.9)
  - ELCImagePickerController
  - KHFlatButton
  - KNSemiModalViewController
  - MLPAutoCompleteTextField (~> 1.5)
  - SDWebImage
  - SWTableViewCell (~> 0.3.7)
  - TapkuLibrary (~> 0.3.8)
  - UIAlertView+Blocks (~> 0.8.1)
  - WordPress-iOS-Editor
  - WordPress-iOS-Shared (= 0.3.0)
  - WordPressCom-Analytics-iOS (~> 0.0.4)

SPEC CHECKSUMS:
  AFNetworking: 05edc0ac4c4c8cf57bcf4b84be5b0744b6d8e71e
  CocoaLumberjack: 628fca2e88ef06f7cf6817309aa405f325d9a6fa
  ELCImagePickerController: b1b7084434a7d49f2cfc916bde1f3ba353d38de9
  KHFlatButton: 6c91dd8a51efe879d844bc36e38f4d003f4abd14
  KNSemiModalViewController: 8c0056377714b5170c52c65977d540200405411f
  MLPAutoCompleteTextField: ba4d507bbff2bd4f139d4197814fc8dd39caf77e
  NSObject-SafeExpectations: 7d7f48df90df4e11da7cfe86b64f45eff7a7f521
  SDWebImage: ed3095af2ff88b436426037444979b917f6c5575
  SWTableViewCell: 2a94aadc9d47b2b611fa064566bf57948b95b579
  TapkuLibrary: 7a406dac46eff8595e191557eba88959f97f69b7
  UIAlertView+Blocks: 45c3d3b7194906702d3e9a14c7ece5581505646d
  WordPress-iOS-Editor: 5fba0792b2ca492e075815f4480105ec3fc49045
  WordPress-iOS-Shared: 0f5281492166bb89ea09d8ab5011e871ba4f6709
  WordPressCom-Analytics-iOS: cfa514e1c2ded6256bf2864d871e0866e38cc668

COCOAPODS: 0.37.1
