PODS:
  - AFNetworking (1.0)
  - DTCoreText (1.6.14):
    - DTFoundation/Core (~> 1.7.1)
    - DTFoundation/DTAnimatedGIF (~> 1.7.1)
    - DTFoundation/DTHTMLParser (~> 1.7.1)
    - DTFoundation/UIKit (~> 1.7.1)
  - DTFoundation/Core (1.7.3)
  - DTFoundation/DTAnimatedGIF (1.7.3)
  - DTFoundation/DTHTMLParser (1.7.3):
    - DTFoundation/Core
  - DTFoundation/UIKit (1.7.3):
    - DTFoundation/Core
  - ELCImagePickerController (0.2.0)
  - KHFlatButton (1.2.0)
  - KNSemiModalViewController (0.3)
  - MLPAutoCompleteTextField (1.5)
  - SDWebImage (3.7.1):
    - SDWebImage/Core
  - SDWebImage/Core (3.7.1)
  - SWTableViewCell (0.3.4)
  - TapkuLibrary (0.3.3)
  - ZSSRichTextEditor (0.5.1)

DEPENDENCIES:
  - AFNetworking (= 1.0)
  - DTCoreText
  - ELCImagePickerController
  - KHFlatButton
  - KNSemiModalViewController
  - MLPAutoCompleteTextField (~> 1.5)
  - SDWebImage
  - SWTableViewCell
  - TapkuLibrary
  - ZSSRichTextEditor

SPEC CHECKSUMS:
  AFNetworking: 64fa3b122a4edd319105c9a39ffb249f61726efc
  DTCoreText: 1fc0aadfa238d14c6cc56035af4e2b76b958e3b1
  DTFoundation: 360bc65ab44f588611f47324b8cfb0f18e04b263
  ELCImagePickerController: 4dc83bb6ce995f4964b0080d77ad5a01141e6db2
  KHFlatButton: 2cec6590651e97ae68242b277986e8526af65127
  KNSemiModalViewController: 6fb1e2f6a4d84238b524cb705e91118b0fa6bbc9
  MLPAutoCompleteTextField: 5e440aa7b139258f779db3375dd486421959be15
  SDWebImage: 116e88633b5b416ea0ca4b334a4ac59cf72dd38d
  SWTableViewCell: 169334f3bd63f2525a070208cc876d17c0f0c9cf
  TapkuLibrary: dc047de085cf71b49edb5a02eccc61595f460433
  ZSSRichTextEditor: 9079252943d7b34b7b0b5594cb4d49267ee2ac4d

COCOAPODS: 0.34.4
